
Microsoft Visual Studio Solution File, Format Version 12.00
Project("{FAE04EC0-301F-11D3-BF4B-00C04F79EFBC}") = "GeometryDash.Console", "GeometryDash.Console\GeometryDash.Console.csproj", "{4BB58DCC-532E-4CA8-9740-28A48DE4EE21}"
EndProject
Project("{FAE04EC0-301F-11D3-BF4B-00C04F79EFBC}") = "DatPack", "DatPack\DatPack.csproj", "{95D74623-4FBB-4E22-B234-66AE6177C674}"
EndProject
Global
	GlobalSection(SolutionConfigurationPlatforms) = preSolution
		Debug|Any CPU = Debug|Any CPU
		Release|Any CPU = Release|Any CPU
	EndGlobalSection
	GlobalSection(ProjectConfigurationPlatforms) = postSolution
		{4BB58DCC-532E-4CA8-9740-28A48DE4EE21}.Debug|Any CPU.ActiveCfg = Debug|Any CPU
		{4BB58DCC-532E-4CA8-9740-28A48DE4EE21}.Debug|Any CPU.Build.0 = Debug|Any CPU
		{4BB58DCC-532E-4CA8-9740-28A48DE4EE21}.Release|Any CPU.ActiveCfg = Release|Any CPU
		{4BB58DCC-532E-4CA8-9740-28A48DE4EE21}.Release|Any CPU.Build.0 = Release|Any CPU
		{95D74623-4FBB-4E22-B234-66AE6177C674}.Debug|Any CPU.ActiveCfg = Debug|Any CPU
		{95D74623-4FBB-4E22-B234-66AE6177C674}.Debug|Any CPU.Build.0 = Debug|Any CPU
		{95D74623-4FBB-4E22-B234-66AE6177C674}.Release|Any CPU.ActiveCfg = Release|Any CPU
		{95D74623-4FBB-4E22-B234-66AE6177C674}.Release|Any CPU.Build.0 = Release|Any CPU
	EndGlobalSection
EndGlobal
